
Microsoft Visual Studio Solution File, Format Version 12.00
# Visual Studio Version 16
VisualStudioVersion = 16.0.28803.452
MinimumVisualStudioVersion = 10.0.40219.1
Project("{2150E333-8FDC-42A3-9474-1A3956D46DE8}") = "Applications", "Applications", "{5386D4FC-3724-4EF1-88D6-40F54A0A3F4F}"
EndProject
Project("{2150E333-8FDC-42A3-9474-1A3956D46DE8}") = "BuildingBlocks", "BuildingBlocks", "{26EE8B10-D32B-410D-91C2-CFDB344666E6}"
EndProject
Project("{2150E333-8FDC-42A3-9474-1A3956D46DE8}") = "Infrastuctures", "Infrastuctures", "{6FA859D2-D167-461C-BE11-8AC7BE105BF3}"
EndProject
Project("{2150E333-8FDC-42A3-9474-1A3956D46DE8}") = "Common", "Common", "{C3306210-8847-40AD-9957-CA8C9EBB432E}"
EndProject
Project("{2150E333-8FDC-42A3-9474-1A3956D46DE8}") = "DataBinding", "DataBinding", "{F31BCFD8-AE23-4C25-9EBA-0D9CEC2604B0}"
EndProject
Project("{2150E333-8FDC-42A3-9474-1A3956D46DE8}") = "Domain", "Domain", "{84FB923B-2B5A-4333-9EB9-228608D3BF19}"
EndProject
Project("{2150E333-8FDC-42A3-9474-1A3956D46DE8}") = "EntityFramework", "EntityFramework", "{2392371B-ADCB-4F48-860C-5E76C0759DB4}"
EndProject
Project("{2150E333-8FDC-42A3-9474-1A3956D46DE8}") = "IoC", "IoC", "{3D21C281-7131-42D3-98BB-5621D3E8221D}"
EndProject
Project("{2150E333-8FDC-42A3-9474-1A3956D46DE8}") = "Mvc", "Mvc", "{5D38ACEF-CB31-4350-8073-E2DC15D1186B}"
EndProject
Project("{2150E333-8FDC-42A3-9474-1A3956D46DE8}") = "Storage", "Storage", "{9B40E7D6-4916-4B17-98E6-727F9C7FDF54}"
EndProject
Project("{2150E333-8FDC-42A3-9474-1A3956D46DE8}") = "UnitOfWork", "UnitOfWork", "{373E128A-8A13-4F8F-B1B7-BE75AED7DF2D}"
EndProject
Project("{2150E333-8FDC-42A3-9474-1A3956D46DE8}") = "Validation", "Validation", "{263024FD-F46B-4D41-9AA8-EF3CBDBC7D77}"
EndProject
Project("{9A19103F-16F7-4668-BE54-9A1E7A4F7556}") = "AspNetCore.Common", "BuildingBlocks\Common\AspNetCore.Common\AspNetCore.Common.csproj", "{274EC603-4B3F-4E42-812C-E4927819E193}"
EndProject
Project("{9A19103F-16F7-4668-BE54-9A1E7A4F7556}") = "AspNetCore.DataBinding.AutoMapper", "BuildingBlocks\DataBinding\AspNetCore.DataBinding.AutoMapper\AspNetCore.DataBinding.AutoMapper.csproj", "{AEAD776F-40A1-440B-A936-8A1ADFCE831F}"
EndProject
Project("{9A19103F-16F7-4668-BE54-9A1E7A4F7556}") = "AspNetCore.Domain", "BuildingBlocks\Domain\AspNetCore.Domain\AspNetCore.Domain.csproj", "{88802355-04F5-4666-B6D0-022D60A60D9B}"
EndProject
Project("{9A19103F-16F7-4668-BE54-9A1E7A4F7556}") = "AspNetCore.IoC.Autofact", "BuildingBlocks\IoC\AspNetCore.IoC.Autofact\AspNetCore.IoC.Autofact.csproj", "{4D87FF04-B13A-47B6-9374-1D09FF3D5C95}"
EndProject
Project("{9A19103F-16F7-4668-BE54-9A1E7A4F7556}") = "AspNetCore.Mvc", "BuildingBlocks\Mvc\AspNetCore.Mvc\AspNetCore.Mvc.csproj", "{2B202597-5262-4CD8-A4B3-1386C38E55B2}"
EndProject
Project("{9A19103F-16F7-4668-BE54-9A1E7A4F7556}") = "AspNetCore.EntityFramework", "BuildingBlocks\EntityFramework\AspNetCore.EntityFramework\AspNetCore.EntityFramework.csproj", "{808A6395-2C1D-434F-B4DA-68448A480115}"
EndProject
Project("{9A19103F-16F7-4668-BE54-9A1E7A4F7556}") = "AspNetCore.Mvc.JwtBearer", "BuildingBlocks\Mvc\AspNetCore.Mvc.JwtBearer\AspNetCore.Mvc.JwtBearer.csproj", "{1A223CF9-0454-411F-AFFE-0602C609A01E}"
EndProject
Project("{9A19103F-16F7-4668-BE54-9A1E7A4F7556}") = "AspNetCore.Storage", "BuildingBlocks\Storage\AspNetCore.Storage\AspNetCore.Storage.csproj", "{276EA843-588C-4B42-B57A-18B0907A78B8}"
EndProject
Project("{9A19103F-16F7-4668-BE54-9A1E7A4F7556}") = "AspNetCore.Storage.FileSystem", "BuildingBlocks\Storage\AspNetCore.Storage.FileSystem\AspNetCore.Storage.FileSystem.csproj", "{F382CF1A-5450-4442-A052-35AED21FBCFA}"
EndProject
Project("{9A19103F-16F7-4668-BE54-9A1E7A4F7556}") = "AspNetCore.UnitOfWork", "BuildingBlocks\UnitOfWork\AspNetCore.UnitOfWork\AspNetCore.UnitOfWork.csproj", "{4FE26E96-2DCD-4E2A-BED4-5C3A0C381CA5}"
EndProject
Project("{9A19103F-16F7-4668-BE54-9A1E7A4F7556}") = "AspNetCore.UnitOfWork.EntityFramework", "BuildingBlocks\UnitOfWork\AspNetCore.UnitOfWork.EntityFramework\AspNetCore.UnitOfWork.EntityFramework.csproj", "{E3753161-11BE-4D7A-8EE2-E0DBF1281323}"
EndProject
Project("{9A19103F-16F7-4668-BE54-9A1E7A4F7556}") = "AspNetCore.FluentValidation", "BuildingBlocks\Validation\AspNetCore.FluentValidation\AspNetCore.FluentValidation.csproj", "{69D3A033-1056-4D70-8749-6A32928A5A72}"
EndProject
Project("{2150E333-8FDC-42A3-9474-1A3956D46DE8}") = "Domains", "Domains", "{6608F9ED-749C-4682-B08C-9048B7CFC5AF}"
EndProject
Project("{9A19103F-16F7-4668-BE54-9A1E7A4F7556}") = "Infrastructures.DbMigration", "Infrastructures\Infrastructures.DbMigration\Infrastructures.DbMigration.csproj", "{AF36A5E6-ADBB-4CEE-9FA2-0CDDE58D12A3}"
EndProject
Project("{9A19103F-16F7-4668-BE54-9A1E7A4F7556}") = "ApplicationDomains", "Domains\ApplicationDomains\ApplicationDomains.csproj", "{AAF420BC-10C5-41C6-9F01-5B63A879981E}"
EndProject
Project("{9A19103F-16F7-4668-BE54-9A1E7A4F7556}") = "Infrastructures", "Infrastructures\Infrastructures\Infrastructures.csproj", "{9A0F52AE-86C6-4350-A855-00D35B967875}"
EndProject
Project("{9A19103F-16F7-4668-BE54-9A1E7A4F7556}") = "Infrastructures.SeedData", "Infrastructures\Infrastructures.SeedData\Infrastructures.SeedData.csproj", "{5C48ED57-0969-4CA7-92F4-D2F081551732}"
EndProject
Project("{9A19103F-16F7-4668-BE54-9A1E7A4F7556}") = "API", "Applications\API\API.csproj", "{4648AB24-BBD3-4C33-9FD9-5B3DAC6CEE32}"
EndProject
Global
	GlobalSection(SolutionConfigurationPlatforms) = preSolution
		Debug|Any CPU = Debug|Any CPU
		Release|Any CPU = Release|Any CPU
	EndGlobalSection
	GlobalSection(ProjectConfigurationPlatforms) = postSolution
		{274EC603-4B3F-4E42-812C-E4927819E193}.Debug|Any CPU.ActiveCfg = Debug|Any CPU
		{274EC603-4B3F-4E42-812C-E4927819E193}.Debug|Any CPU.Build.0 = Debug|Any CPU
		{274EC603-4B3F-4E42-812C-E4927819E193}.Release|Any CPU.ActiveCfg = Release|Any CPU
		{274EC603-4B3F-4E42-812C-E4927819E193}.Release|Any CPU.Build.0 = Release|Any CPU
		{AEAD776F-40A1-440B-A936-8A1ADFCE831F}.Debug|Any CPU.ActiveCfg = Debug|Any CPU
		{AEAD776F-40A1-440B-A936-8A1ADFCE831F}.Debug|Any CPU.Build.0 = Debug|Any CPU
		{AEAD776F-40A1-440B-A936-8A1ADFCE831F}.Release|Any CPU.ActiveCfg = Release|Any CPU
		{AEAD776F-40A1-440B-A936-8A1ADFCE831F}.Release|Any CPU.Build.0 = Release|Any CPU
		{88802355-04F5-4666-B6D0-022D60A60D9B}.Debug|Any CPU.ActiveCfg = Debug|Any CPU
		{88802355-04F5-4666-B6D0-022D60A60D9B}.Debug|Any CPU.Build.0 = Debug|Any CPU
		{88802355-04F5-4666-B6D0-022D60A60D9B}.Release|Any CPU.ActiveCfg = Release|Any CPU
		{88802355-04F5-4666-B6D0-022D60A60D9B}.Release|Any CPU.Build.0 = Release|Any CPU
		{4D87FF04-B13A-47B6-9374-1D09FF3D5C95}.Debug|Any CPU.ActiveCfg = Debug|Any CPU
		{4D87FF04-B13A-47B6-9374-1D09FF3D5C95}.Debug|Any CPU.Build.0 = Debug|Any CPU
		{4D87FF04-B13A-47B6-9374-1D09FF3D5C95}.Release|Any CPU.ActiveCfg = Release|Any CPU
		{4D87FF04-B13A-47B6-9374-1D09FF3D5C95}.Release|Any CPU.Build.0 = Release|Any CPU
		{2B202597-5262-4CD8-A4B3-1386C38E55B2}.Debug|Any CPU.ActiveCfg = Debug|Any CPU
		{2B202597-5262-4CD8-A4B3-1386C38E55B2}.Debug|Any CPU.Build.0 = Debug|Any CPU
		{2B202597-5262-4CD8-A4B3-1386C38E55B2}.Release|Any CPU.ActiveCfg = Release|Any CPU
		{2B202597-5262-4CD8-A4B3-1386C38E55B2}.Release|Any CPU.Build.0 = Release|Any CPU
		{808A6395-2C1D-434F-B4DA-68448A480115}.Debug|Any CPU.ActiveCfg = Debug|Any CPU
		{808A6395-2C1D-434F-B4DA-68448A480115}.Debug|Any CPU.Build.0 = Debug|Any CPU
		{808A6395-2C1D-434F-B4DA-68448A480115}.Release|Any CPU.ActiveCfg = Release|Any CPU
		{808A6395-2C1D-434F-B4DA-68448A480115}.Release|Any CPU.Build.0 = Release|Any CPU
		{1A223CF9-0454-411F-AFFE-0602C609A01E}.Debug|Any CPU.ActiveCfg = Debug|Any CPU
		{1A223CF9-0454-411F-AFFE-0602C609A01E}.Debug|Any CPU.Build.0 = Debug|Any CPU
		{1A223CF9-0454-411F-AFFE-0602C609A01E}.Release|Any CPU.ActiveCfg = Release|Any CPU
		{1A223CF9-0454-411F-AFFE-0602C609A01E}.Release|Any CPU.Build.0 = Release|Any CPU
		{276EA843-588C-4B42-B57A-18B0907A78B8}.Debug|Any CPU.ActiveCfg = Debug|Any CPU
		{276EA843-588C-4B42-B57A-18B0907A78B8}.Debug|Any CPU.Build.0 = Debug|Any CPU
		{276EA843-588C-4B42-B57A-18B0907A78B8}.Release|Any CPU.ActiveCfg = Release|Any CPU
		{276EA843-588C-4B42-B57A-18B0907A78B8}.Release|Any CPU.Build.0 = Release|Any CPU
		{F382CF1A-5450-4442-A052-35AED21FBCFA}.Debug|Any CPU.ActiveCfg = Debug|Any CPU
		{F382CF1A-5450-4442-A052-35AED21FBCFA}.Debug|Any CPU.Build.0 = Debug|Any CPU
		{F382CF1A-5450-4442-A052-35AED21FBCFA}.Release|Any CPU.ActiveCfg = Release|Any CPU
		{F382CF1A-5450-4442-A052-35AED21FBCFA}.Release|Any CPU.Build.0 = Release|Any CPU
		{4FE26E96-2DCD-4E2A-BED4-5C3A0C381CA5}.Debug|Any CPU.ActiveCfg = Debug|Any CPU
		{4FE26E96-2DCD-4E2A-BED4-5C3A0C381CA5}.Debug|Any CPU.Build.0 = Debug|Any CPU
		{4FE26E96-2DCD-4E2A-BED4-5C3A0C381CA5}.Release|Any CPU.ActiveCfg = Release|Any CPU
		{4FE26E96-2DCD-4E2A-BED4-5C3A0C381CA5}.Release|Any CPU.Build.0 = Release|Any CPU
		{E3753161-11BE-4D7A-8EE2-E0DBF1281323}.Debug|Any CPU.ActiveCfg = Debug|Any CPU
		{E3753161-11BE-4D7A-8EE2-E0DBF1281323}.Debug|Any CPU.Build.0 = Debug|Any CPU
		{E3753161-11BE-4D7A-8EE2-E0DBF1281323}.Release|Any CPU.ActiveCfg = Release|Any CPU
		{E3753161-11BE-4D7A-8EE2-E0DBF1281323}.Release|Any CPU.Build.0 = Release|Any CPU
		{69D3A033-1056-4D70-8749-6A32928A5A72}.Debug|Any CPU.ActiveCfg = Debug|Any CPU
		{69D3A033-1056-4D70-8749-6A32928A5A72}.Debug|Any CPU.Build.0 = Debug|Any CPU
		{69D3A033-1056-4D70-8749-6A32928A5A72}.Release|Any CPU.ActiveCfg = Release|Any CPU
		{69D3A033-1056-4D70-8749-6A32928A5A72}.Release|Any CPU.Build.0 = Release|Any CPU
		{AF36A5E6-ADBB-4CEE-9FA2-0CDDE58D12A3}.Debug|Any CPU.ActiveCfg = Debug|Any CPU
		{AF36A5E6-ADBB-4CEE-9FA2-0CDDE58D12A3}.Debug|Any CPU.Build.0 = Debug|Any CPU
		{AF36A5E6-ADBB-4CEE-9FA2-0CDDE58D12A3}.Release|Any CPU.ActiveCfg = Release|Any CPU
		{AF36A5E6-ADBB-4CEE-9FA2-0CDDE58D12A3}.Release|Any CPU.Build.0 = Release|Any CPU
		{AAF420BC-10C5-41C6-9F01-5B63A879981E}.Debug|Any CPU.ActiveCfg = Debug|Any CPU
		{AAF420BC-10C5-41C6-9F01-5B63A879981E}.Debug|Any CPU.Build.0 = Debug|Any CPU
		{AAF420BC-10C5-41C6-9F01-5B63A879981E}.Release|Any CPU.ActiveCfg = Release|Any CPU
		{AAF420BC-10C5-41C6-9F01-5B63A879981E}.Release|Any CPU.Build.0 = Release|Any CPU
		{9A0F52AE-86C6-4350-A855-00D35B967875}.Debug|Any CPU.ActiveCfg = Debug|Any CPU
		{9A0F52AE-86C6-4350-A855-00D35B967875}.Debug|Any CPU.Build.0 = Debug|Any CPU
		{9A0F52AE-86C6-4350-A855-00D35B967875}.Release|Any CPU.ActiveCfg = Release|Any CPU
		{9A0F52AE-86C6-4350-A855-00D35B967875}.Release|Any CPU.Build.0 = Release|Any CPU
		{5C48ED57-0969-4CA7-92F4-D2F081551732}.Debug|Any CPU.ActiveCfg = Debug|Any CPU
		{5C48ED57-0969-4CA7-92F4-D2F081551732}.Debug|Any CPU.Build.0 = Debug|Any CPU
		{5C48ED57-0969-4CA7-92F4-D2F081551732}.Release|Any CPU.ActiveCfg = Release|Any CPU
		{5C48ED57-0969-4CA7-92F4-D2F081551732}.Release|Any CPU.Build.0 = Release|Any CPU
		{4648AB24-BBD3-4C33-9FD9-5B3DAC6CEE32}.Debug|Any CPU.ActiveCfg = Debug|Any CPU
		{4648AB24-BBD3-4C33-9FD9-5B3DAC6CEE32}.Debug|Any CPU.Build.0 = Debug|Any CPU
		{4648AB24-BBD3-4C33-9FD9-5B3DAC6CEE32}.Release|Any CPU.ActiveCfg = Release|Any CPU
		{4648AB24-BBD3-4C33-9FD9-5B3DAC6CEE32}.Release|Any CPU.Build.0 = Release|Any CPU
	EndGlobalSection
	GlobalSection(SolutionProperties) = preSolution
		HideSolutionNode = FALSE
	EndGlobalSection
	GlobalSection(NestedProjects) = preSolution
		{C3306210-8847-40AD-9957-CA8C9EBB432E} = {26EE8B10-D32B-410D-91C2-CFDB344666E6}
		{F31BCFD8-AE23-4C25-9EBA-0D9CEC2604B0} = {26EE8B10-D32B-410D-91C2-CFDB344666E6}
		{84FB923B-2B5A-4333-9EB9-228608D3BF19} = {26EE8B10-D32B-410D-91C2-CFDB344666E6}
		{2392371B-ADCB-4F48-860C-5E76C0759DB4} = {26EE8B10-D32B-410D-91C2-CFDB344666E6}
		{3D21C281-7131-42D3-98BB-5621D3E8221D} = {26EE8B10-D32B-410D-91C2-CFDB344666E6}
		{5D38ACEF-CB31-4350-8073-E2DC15D1186B} = {26EE8B10-D32B-410D-91C2-CFDB344666E6}
		{9B40E7D6-4916-4B17-98E6-727F9C7FDF54} = {26EE8B10-D32B-410D-91C2-CFDB344666E6}
		{373E128A-8A13-4F8F-B1B7-BE75AED7DF2D} = {26EE8B10-D32B-410D-91C2-CFDB344666E6}
		{263024FD-F46B-4D41-9AA8-EF3CBDBC7D77} = {26EE8B10-D32B-410D-91C2-CFDB344666E6}
		{274EC603-4B3F-4E42-812C-E4927819E193} = {C3306210-8847-40AD-9957-CA8C9EBB432E}
		{AEAD776F-40A1-440B-A936-8A1ADFCE831F} = {F31BCFD8-AE23-4C25-9EBA-0D9CEC2604B0}
		{88802355-04F5-4666-B6D0-022D60A60D9B} = {84FB923B-2B5A-4333-9EB9-228608D3BF19}
		{4D87FF04-B13A-47B6-9374-1D09FF3D5C95} = {3D21C281-7131-42D3-98BB-5621D3E8221D}
		{2B202597-5262-4CD8-A4B3-1386C38E55B2} = {5D38ACEF-CB31-4350-8073-E2DC15D1186B}
		{808A6395-2C1D-434F-B4DA-68448A480115} = {2392371B-ADCB-4F48-860C-5E76C0759DB4}
		{1A223CF9-0454-411F-AFFE-0602C609A01E} = {5D38ACEF-CB31-4350-8073-E2DC15D1186B}
		{276EA843-588C-4B42-B57A-18B0907A78B8} = {9B40E7D6-4916-4B17-98E6-727F9C7FDF54}
		{F382CF1A-5450-4442-A052-35AED21FBCFA} = {9B40E7D6-4916-4B17-98E6-727F9C7FDF54}
		{4FE26E96-2DCD-4E2A-BED4-5C3A0C381CA5} = {373E128A-8A13-4F8F-B1B7-BE75AED7DF2D}
		{E3753161-11BE-4D7A-8EE2-E0DBF1281323} = {373E128A-8A13-4F8F-B1B7-BE75AED7DF2D}
		{69D3A033-1056-4D70-8749-6A32928A5A72} = {263024FD-F46B-4D41-9AA8-EF3CBDBC7D77}
		{AF36A5E6-ADBB-4CEE-9FA2-0CDDE58D12A3} = {6FA859D2-D167-461C-BE11-8AC7BE105BF3}
		{AAF420BC-10C5-41C6-9F01-5B63A879981E} = {6608F9ED-749C-4682-B08C-9048B7CFC5AF}
		{9A0F52AE-86C6-4350-A855-00D35B967875} = {6FA859D2-D167-461C-BE11-8AC7BE105BF3}
		{5C48ED57-0969-4CA7-92F4-D2F081551732} = {6FA859D2-D167-461C-BE11-8AC7BE105BF3}
		{4648AB24-BBD3-4C33-9FD9-5B3DAC6CEE32} = {5386D4FC-3724-4EF1-88D6-40F54A0A3F4F}
	EndGlobalSection
	GlobalSection(ExtensibilityGlobals) = postSolution
		SolutionGuid = {9235F8BD-D219-4B91-9A10-03B4BD71BC6E}
	EndGlobalSection
EndGlobal
